<?xml version="1.0" encoding="utf-8"?>
<Project ToolsVersion="4.0" xmlns="http://schemas.microsoft.com/developer/msbuild/2003">
  <ItemGroup>
    <Filter Include="Source Files">
      <UniqueIdentifier>{b97512a9-931f-45fd-b86c-e0c98ccbd681}</UniqueIdentifier>
      <Extensions>cpp;c;cc;cxx;c++;def;odl;idl;hpj;bat;asm;asmx;hip;cu</Extensions>
    </Filter>
    <Filter Include="Header Files">
      <UniqueIdentifier>{52dca9d6-9a32-4bd7-abab-f723b48a8eec}</UniqueIdentifier>
      <Extensions>h;hh;hpp;hxx;h++;hm;inl;inc;ipp;xsd;cuh</Extensions>
    </Filter>
    <Filter Include="Resource Files">
      <UniqueIdentifier>{880936f7-1000-4777-abd9-0e585c78d212}</UniqueIdentifier>
      <Extensions>rc;ico;cur;bmp;dlg;rc2;rct;bin;rgs;gif;jpg;jpeg;jpe;resx;tiff;tif;png;wav;mfcribbon-ms</Extensions>
    </Filter>
    <Filter Include="Header Files\System">
      <UniqueIdentifier>{74c1e75b-6dd3-4e15-b511-c8e9473ef9fc}</UniqueIdentifier>
    </Filter>
    <Filter Include="Header Files\Runtime">
      <UniqueIdentifier>{246eb618-0c2e-4ffe-8601-9c98b9b32cb0}</UniqueIdentifier>
    </Filter>
    <Filter Include="Header Files\Utils">
      <UniqueIdentifier>{38e76f9f-ec3d-492b-9806-f81d61b30670}</UniqueIdentifier>
    </Filter>
    <Filter Include="Source Files\data">
      <UniqueIdentifier>{636bd7a6-2bce-4489-80d6-1ae152d7ce0f}</UniqueIdentifier>
    </Filter>
    <Filter Include="Source Files\runtime">
      <UniqueIdentifier>{dde391e4-7d48-44e0-a550-e18945afb0b3}</UniqueIdentifier>
    </Filter>
    <Filter Include="Source Files\system">
      <UniqueIdentifier>{4249eefe-b46e-49de-b506-cbeef0c67a4d}</UniqueIdentifier>
    </Filter>
    <Filter Include="Source Files\utils">
      <UniqueIdentifier>{716488fe-53c2-4de3-b118-a8d7a3541eb6}</UniqueIdentifier>
    </Filter>
    <Filter Include="Header Files\data">
      <UniqueIdentifier>{4bf844e6-f00f-4db9-82c4-bd37c08d8c2c}</UniqueIdentifier>
    </Filter>
  </ItemGroup>
  <ItemGroup>
    <ClCompile Include="system\Activation.cu">
      <Filter>Source Files\system</Filter>
    </ClCompile>
    <ClCompile Include="system\Delta.cu">
      <Filter>Source Files\system</Filter>
    </ClCompile>
    <ClCompile Include="system\GpuTypes.cpp">
      <Filter>Source Files\system</Filter>
    </ClCompile>
    <ClCompile Include="system\kernels.cu">
      <Filter>Source Files\system</Filter>
    </ClCompile>
    <ClCompile Include="system\Layer.cpp">
      <Filter>Source Files\system</Filter>
    </ClCompile>
    <ClCompile Include="system\Loss.cu">
      <Filter>Source Files\system</Filter>
    </ClCompile>
    <ClCompile Include="system\Network.cpp">
      <Filter>Source Files\system</Filter>
    </ClCompile>
    <ClCompile Include="system\Types.cpp">
      <Filter>Source Files\system</Filter>
    </ClCompile>
    <ClCompile Include="system\Weight.cpp">
      <Filter>Source Files\system</Filter>
    </ClCompile>
    <ClCompile Include="runtime\Runtime.cpp">
      <Filter>Source Files\runtime</Filter>
    </ClCompile>
    <ClCompile Include="data\CudaUtil.cpp">
      <Filter>Source Files\data</Filter>
    </ClCompile>
    <ClCompile Include="data\Data.cpp">
      <Filter>Source Files\data</Filter>
    </ClCompile>
    <ClCompile Include="data\DataReader.cpp">
      <Filter>Source Files\data</Filter>
    </ClCompile>
    <ClCompile Include="data\ExactGpu.cu">
      <Filter>Source Files\data</Filter>
    </ClCompile>
    <ClCompile Include="data\MathUtil.cu">
      <Filter>Source Files\data</Filter>
    </ClCompile>
    <ClCompile Include="data\Output.cu">
      <Filter>Source Files\data</Filter>
    </ClCompile>
    <ClCompile Include="utils\CDL.cpp">
      <Filter>Source Files\utils</Filter>
    </ClCompile>
    <ClCompile Include="utils\Filters.cpp">
      <Filter>Source Files\utils</Filter>
    </ClCompile>
    <ClCompile Include="utils\Main.cpp">
      <Filter>Source Files\utils</Filter>
    </ClCompile>
    <ClCompile Include="utils\NetCDFGenerator.cpp">
      <Filter>Source Files\utils</Filter>
    </ClCompile>
    <ClCompile Include="utils\NetCDFhelper.cpp">
      <Filter>Source Files\utils</Filter>
    </ClCompile>
    <ClCompile Include="utils\Predict.cpp">
      <Filter>Source Files\utils</Filter>
    </ClCompile>
    <ClCompile Include="utils\RecsGenerator.cpp">
      <Filter>Source Files\utils</Filter>
    </ClCompile>
    <ClCompile Include="utils\Train.cpp">
      <Filter>Source Files\utils</Filter>
    </ClCompile>
    <ClCompile Include="utils\Utils.cpp">
      <Filter>Source Files\utils</Filter>
    </ClCompile>
  </ItemGroup>
  <ItemGroup>
    <ClInclude Include="system\ThreadPool.h">
      <Filter>Source Files\system</Filter>
    </ClInclude>
    <ClInclude Include="utils\CDL.h">
      <Filter>Header Files\Utils</Filter>
    </ClInclude>
    <ClInclude Include="utils\CDLConfig.h">
      <Filter>Header Files\Utils</Filter>
    </ClInclude>
    <ClInclude Include="utils\ConfigBase.h">
      <Filter>Header Files\Utils</Filter>
    </ClInclude>
    <ClInclude Include="utils\ConfigException.h">
      <Filter>Header Files\Utils</Filter>
    </ClInclude>
    <ClInclude Include="utils\ConfigFactory.h">
      <Filter>Header Files\Utils</Filter>
    </ClInclude>
    <ClInclude Include="utils\Filters.h">
      <Filter>Header Files\Utils</Filter>
    </ClInclude>
    <ClInclude Include="utils\JSONParsingException.h">
      <Filter>Header Files\Utils</Filter>
    </ClInclude>
    <ClInclude Include="utils\Logger.h">
      <Filter>Header Files\Utils</Filter>
    </ClInclude>
    <ClInclude Include="utils\NetCDFhelper.h">
      <Filter>Header Files\Utils</Filter>
    </ClInclude>
    <ClInclude Include="utils\RecsGenerator.h">
      <Filter>Header Files\Utils</Filter>
    </ClInclude>
    <ClInclude Include="utils\TrainingParameters.h">
      <Filter>Header Files\Utils</Filter>
    </ClInclude>
    <ClInclude Include="utils\Utils.h">
      <Filter>Header Files\Utils</Filter>
    </ClInclude>
    <ClInclude Include="system\Bitonic.cuh">
      <Filter>Header Files\System</Filter>
    </ClInclude>
    <ClInclude Include="system\ConcurrentQueue.h">
      <Filter>Header Files\System</Filter>
    </ClInclude>
    <ClInclude Include="system\Enum.h">
      <Filter>Header Files\System</Filter>
    </ClInclude>
    <ClInclude Include="system\GpuSort.h">
      <Filter>Header Files\System</Filter>
    </ClInclude>
    <ClInclude Include="system\GpuTypes.h">
      <Filter>Header Files\System</Filter>
    </ClInclude>
    <ClInclude Include="system\kernels.cuh">
      <Filter>Header Files\System</Filter>
    </ClInclude>
    <ClInclude Include="system\Layer.h">
      <Filter>Header Files\System</Filter>
    </ClInclude>
    <ClInclude Include="system\Network.h">
      <Filter>Header Files\System</Filter>
    </ClInclude>
    <ClInclude Include="system\Types.h">
      <Filter>Header Files\System</Filter>
    </ClInclude>
    <ClInclude Include="system\Weight.h">
      <Filter>Header Files\System</Filter>
    </ClInclude>
    <ClInclude Include="runtime\Runtime.h">
      <Filter>Header Files\Runtime</Filter>
    </ClInclude>
    <ClInclude Include="data\CudaUtil.h">
      <Filter>Header Files\data</Filter>
    </ClInclude>
    <ClInclude Include="data\Data.h">
      <Filter>Header Files\data</Filter>
    </ClInclude>
    <ClInclude Include="data\DataReader.h">
      <Filter>Header Files\data</Filter>
    </ClInclude>
    <ClInclude Include="data\ExactGpu.cuh">
      <Filter>Header Files\data</Filter>
    </ClInclude>
    <ClInclude Include="data\MathUtil.cuh">
      <Filter>Header Files\data</Filter>
    </ClInclude>
    <ClInclude Include="data\Output.cuh">
      <Filter>Header Files\data</Filter>
    </ClInclude>
  </ItemGroup>
  <ItemGroup>
    <None Include=".gitattributes" />
    <None Include="SECURITY.md" />
    <None Include="README.md" />
    <None Include="CONTRIBUTING.md" />
    <None Include="LICENSE" />
    <None Include=".gitignore" />
    <None Include="CODE_OF_CONDUCT.md" />
    <None Include="vcpkg.json">
      <Filter>Resource Files</Filter>
    </None>
  </ItemGroup>
</Project>